# This file is automatically @generated by Cargo.
# It is not intended for manual editing.
version = 3

[[package]]
name = "persist-cli"
version = "0.1.0"
dependencies = [
 "persist-core",
]

[[package]]
name = "persist-core"
version = "0.1.0"

[[package]]
name = "persist-ipc"
version = "0.1.0"
dependencies = [
 "persist-core",
]

[[package]]
name = "persist-metadata"
version = "0.1.0"
dependencies = [
 "persist-core",
]

[[package]]
name = "persist-pty"
version = "0.1.0"
dependencies = [
 "persist-core",
]

[[package]]
name = "persistd"
version = "0.1.0"
dependencies = [
 "persist-core",
]
